// !$*UTF8*$!
{
	archiveVersion = 1;
	classes = {
	};
	objectVersion = 77;
	objects = {

/* Begin PBXBuildFile section */
		00C356789407C6A938793C2A /* RegisterView.swift in Sources */ = {isa = PBXBuildFile; fileRef = 9C055552A6D4FE4A6D67266D /* RegisterView.swift */; };
		0307710BF237733F1ECFFE05 /* DTOs.swift in Sources */ = {isa = PBXBuildFile; fileRef = 6C8B29BDEA475522370AAF0E /* DTOs.swift */; };
		0D45B3F527E99200C4A761ED /* FeedbackView.swift in Sources */ = {isa = PBXBuildFile; fileRef = 84621B2D28A7F4BB474B8A3B /* FeedbackView.swift */; };
		0F7B5FADE25FBAF7E5D9FA2C /* TimerMode.swift in Sources */ = {isa = PBXBuildFile; fileRef = 5E2DB6E91E481704E65FBA4D /* TimerMode.swift */; };
		0FB9A098D935995FFF83076D /* GoalCompletionCelebration.swift in Sources */ = {isa = PBXBuildFile; fileRef = 83C3E0431654899F02D30714 /* GoalCompletionCelebration.swift */; };
		109D1514FB115C6259B69F20 /* WeightChart.swift in Sources */ = {isa = PBXBuildFile; fileRef = 4FF8B091A8E1155264838C20 /* WeightChart.swift */; };
		1C49C40F1668AA8550423FBB /* BrandColors.swift in Sources */ = {isa = PBXBuildFile; fileRef = B2F1EC4D2E3CD110C918BBBF /* BrandColors.swift */; };
		20492AD3EA2B53BC8305E9B8 /* SetList.swift in Sources */ = {isa = PBXBuildFile; fileRef = 324CC70DC347ADF29335A464 /* SetList.swift */; };
		237B1864A72988384640F8BD /* NewSetView.swift in Sources */ = {isa = PBXBuildFile; fileRef = 62D8C3302A4494D93F2FEE53 /* NewSetView.swift */; };
		24C8481F19C683AF695C7A99 /* WeightStore.swift in Sources */ = {isa = PBXBuildFile; fileRef = 2666738DF4367E7253E0B769 /* WeightStore.swift */; };
		25EB8CA309685D70F8BF7C17 /* Keychain.swift in Sources */ = {isa = PBXBuildFile; fileRef = 32D98E895557E65B1DCA3344 /* Keychain.swift */; };
		2802C16940B795CE51A6B94E /* TimerWakeLock.swift in Sources */ = {isa = PBXBuildFile; fileRef = 10C2559420F7A7CEBD9DB981 /* TimerWakeLock.swift */; };
		2CF7DEC04A491BCE2166A76C /* ImageViewer.swift in Sources */ = {isa = PBXBuildFile; fileRef = B9D23DC1E6C6A140D0B6EC20 /* ImageViewer.swift */; };
		2E701C17550ECBB4092E7D8B /* TimerView.swift in Sources */ = {isa = PBXBuildFile; fileRef = FBD059BBA93A4D71316C256A /* TimerView.swift */; };
		31167B8452E0B92FC046A029 /* WeightUnitEditView.swift in Sources */ = {isa = PBXBuildFile; fileRef = 422635B9E5C794178F603A86 /* WeightUnitEditView.swift */; };
		32406A63068FDFD88C111A76 /* GoalRow.swift in Sources */ = {isa = PBXBuildFile; fileRef = 5C711EC47CBEE1C3FBEE483D /* GoalRow.swift */; };
		32A8F88A835C3747C90F804D /* ThemeMode.swift in Sources */ = {isa = PBXBuildFile; fileRef = 04C180F902EE864DB3D50F6D /* ThemeMode.swift */; };
		36B2268DBDC5D34EF64A7A5F /* Colors.swift in Sources */ = {isa = PBXBuildFile; fileRef = D67F31C7DC1F254F60FC5F16 /* Colors.swift */; };
		3C354C21E0CC0562E2045654 /* HyleteApp.swift in Sources */ = {isa = PBXBuildFile; fileRef = D3CAD7DC20F34634B3662537 /* HyleteApp.swift */; };
		3DA7E65D1FA693A6795A0CE6 /* AppEnvironment.swift in Sources */ = {isa = PBXBuildFile; fileRef = 3D294F63B2EFAB2282EB9C12 /* AppEnvironment.swift */; };
		48FAC58CC104E377AFB4592B /* WeightEditorView.swift in Sources */ = {isa = PBXBuildFile; fileRef = CDE8F827F41017B9CF43EEC7 /* WeightEditorView.swift */; };
		4A01AC34097A7C19C3F83902 /* TextFieldStyles.swift in Sources */ = {isa = PBXBuildFile; fileRef = C365DC87132594CB25BA50E2 /* TextFieldStyles.swift */; };
		5026FF1B244693943ADBF31B /* BetaFeatureFlag.swift in Sources */ = {isa = PBXBuildFile; fileRef = 51215BC9CCCFC8A80E0A56FB /* BetaFeatureFlag.swift */; };
		50D7B8DA8609FCAC47C99E9C /* PopularExercises.swift in Sources */ = {isa = PBXBuildFile; fileRef = 94FDECDB7EC8962A9EFDFEE4 /* PopularExercises.swift */; };
		51E78B38C737FE2F2E3D0377 /* ProfileView.swift in Sources */ = {isa = PBXBuildFile; fileRef = D96F42398AFEF9616F1FEE19 /* ProfileView.swift */; };
		55118F3DD529CA52F82C1C57 /* NameEditView.swift in Sources */ = {isa = PBXBuildFile; fileRef = 8A1B829C034CD8F128F4F7FD /* NameEditView.swift */; };
		55B7C237D7BA558AB9C892BB /* Assets.xcassets in Resources */ = {isa = PBXBuildFile; fileRef = 62C6E0EF8CA34285727DE4C6 /* Assets.xcassets */; };
		5886CCECC8E7114E90A88D3C /* Typography.swift in Sources */ = {isa = PBXBuildFile; fileRef = A0007539F838AE5E8AFEBF13 /* Typography.swift */; };
		5AE04166DBF0519644D3ED1A /* Inter_18pt-Bold.ttf in Resources */ = {isa = PBXBuildFile; fileRef = 91E63C10452F836338D4319D /* Inter_18pt-Bold.ttf */; };
		6410D793B7FF33111534523F /* CalendarMath.swift in Sources */ = {isa = PBXBuildFile; fileRef = 0C03FABE005B4CD25F1288D8 /* CalendarMath.swift */; };
		65DA794EADB76E240BB75EB3 /* Spacing.swift in Sources */ = {isa = PBXBuildFile; fileRef = D14D4C2D22C970BE6A342688 /* Spacing.swift */; };
		67ED1A8E2F62A5E8A4583083 /* Image.swift in Sources */ = {isa = PBXBuildFile; fileRef = 6B8F888FDF95018D51C17D55 /* Image.swift */; };
		68E11844795A43D485B7C34F /* CountdownTimerView.swift in Sources */ = {isa = PBXBuildFile; fileRef = 9A21139951103C1938EB2569 /* CountdownTimerView.swift */; };
		738FE9D43B4E0958B2637A2D /* AuthStore.swift in Sources */ = {isa = PBXBuildFile; fileRef = 5E6E5D83283DB0E34C766DEA /* AuthStore.swift */; };
		74808A723F947D8E768A5AC4 /* Inter_18pt-Regular.ttf in Resources */ = {isa = PBXBuildFile; fileRef = D273F93099C915AB9876D24D /* Inter_18pt-Regular.ttf */; };
		785FC5BDFFEA8D1214F2B873 /* TimerFeedback.swift in Sources */ = {isa = PBXBuildFile; fileRef = 9E2DAF30CA42AEDE2788FECA /* TimerFeedback.swift */; };
		7B7F289AB0A5E320A13A264D /* DonutChart.swift in Sources */ = {isa = PBXBuildFile; fileRef = 3C6B7DF46A78BD78F7410F52 /* DonutChart.swift */; };
		7CB5F0BC9F4878DE369F4B81 /* GoalEditorView.swift in Sources */ = {isa = PBXBuildFile; fileRef = 86D0EF76F71D203D2B292D54 /* GoalEditorView.swift */; };
		803FC0E51012A537B13ABD62 /* Icons.swift in Sources */ = {isa = PBXBuildFile; fileRef = 82D790A5724510DFAACFBF13 /* Icons.swift */; };
		83A55B29ACE59ED0E33E3619 /* ActionCard.swift in Sources */ = {isa = PBXBuildFile; fileRef = B11CABAB8BE2BFE1B215AF22 /* ActionCard.swift */; };
		8B4DA41FFF52027F3C33D88E /* Inter_18pt-SemiBold.ttf in Resources */ = {isa = PBXBuildFile; fileRef = 221CF323D3ADC15695CB3A09 /* Inter_18pt-SemiBold.ttf */; };
		8C731AECD8CD4DB1F1FD0DB7 /* EditSetView.swift in Sources */ = {isa = PBXBuildFile; fileRef = 304EF4FF3DAE01EA279FFC22 /* EditSetView.swift */; };
		9441DF44FD26CECEEEFFBBD9 /* APIClient.swift in Sources */ = {isa = PBXBuildFile; fileRef = DE2C9DD75C577C23B69BB5E5 /* APIClient.swift */; };
		96F26DA4B6E53B7D149AE3FF /* GoalStore.swift in Sources */ = {isa = PBXBuildFile; fileRef = 0A16D238B015163DD84A8D36 /* GoalStore.swift */; };
		A1C10AAA9A4B2BDF2BBA3C18 /* SelectedDaySetList.swift in Sources */ = {isa = PBXBuildFile; fileRef = 7A0341E9C169FB3D344C4F22 /* SelectedDaySetList.swift */; };
		AA77857A9E5A1D689507CD84 /* WeekCalendarView.swift in Sources */ = {isa = PBXBuildFile; fileRef = B7A41DEC5C42E5BD5D58CA45 /* WeekCalendarView.swift */; };
		AB04481FD84681AF2A1C24C9 /* LoginView.swift in Sources */ = {isa = PBXBuildFile; fileRef = A1B8C3E2A9A0AB5810BFF451 /* LoginView.swift */; };
		AD6F4B91B1135F37A25AE596 /* Inter_18pt-Medium.ttf in Resources */ = {isa = PBXBuildFile; fileRef = 0D4E0C020FDF8BB46750ED11 /* Inter_18pt-Medium.ttf */; };
		B4FC23FD1C29E24B69FEE0F3 /* WeightComparisonView.swift in Sources */ = {isa = PBXBuildFile; fileRef = B960BFF7F588BB237F4B93CD /* WeightComparisonView.swift */; };
		B9D4A5F9E1EDC5148FBA6AF4 /* ExerciseHistoryView.swift in Sources */ = {isa = PBXBuildFile; fileRef = 3868DE3D51B00D33B6355B79 /* ExerciseHistoryView.swift */; };
		B9F71293825B8E55A59BDC01 /* ExerciseListView.swift in Sources */ = {isa = PBXBuildFile; fileRef = BCB591A97788FF962986EB02 /* ExerciseListView.swift */; };
		C2A048AD740DFA5C1C8A8917 /* StatCard.swift in Sources */ = {isa = PBXBuildFile; fileRef = 7FE189B693326D9DB0210E14 /* StatCard.swift */; };
		C66FD82F05916643BD72FE0D /* TargetWeightEditView.swift in Sources */ = {isa = PBXBuildFile; fileRef = AD6A14091FE5ABC272EB3995 /* TargetWeightEditView.swift */; };
		CC3B103A21DF043DD6F83037 /* APIError.swift in Sources */ = {isa = PBXBuildFile; fileRef = 061DDBDD043561A5A3CC0E89 /* APIError.swift */; };
		CEB077CE8ADDBD7C97598220 /* WeightProgressCard.swift in Sources */ = {isa = PBXBuildFile; fileRef = 4F74507A89BD13498EB19B49 /* WeightProgressCard.swift */; };
		D207F464B1F65E78787BE6EE /* GoalsListView.swift in Sources */ = {isa = PBXBuildFile; fileRef = CF6C1C2D8F865F60305BEF60 /* GoalsListView.swift */; };
		D58AFD243E39D5EBD89ABD51 /* DashboardView.swift in Sources */ = {isa = PBXBuildFile; fileRef = F278869D4CDE719FAD73DEB5 /* DashboardView.swift */; };
		E17CDAB8BF4A4E93CE0573D0 /* WeightRow.swift in Sources */ = {isa = PBXBuildFile; fileRef = DA142DE7D9666E8EB2ECAC19 /* WeightRow.swift */; };
		E309B259CB9A4488B8A6AE75 /* ForgotPasswordView.swift in Sources */ = {isa = PBXBuildFile; fileRef = 8B4028CB67B6C26EC6B9BB2D /* ForgotPasswordView.swift */; };
		E33D8EF4CE689937094C6B8A /* ButtonStyles.swift in Sources */ = {isa = PBXBuildFile; fileRef = 2F974BE99B5527B2C5A0C042 /* ButtonStyles.swift */; };
		E57C00D503258D37091625FB /* CalendarMathTests.swift in Sources */ = {isa = PBXBuildFile; fileRef = 575E706878CD3C450A02DB92 /* CalendarMathTests.swift */; };
		E639AAEFDCBE97E5F1F1D197 /* WeightPhotoUploader.swift in Sources */ = {isa = PBXBuildFile; fileRef = 29C72F28FA82941B5B23217F /* WeightPhotoUploader.swift */; };
		F1BE81929FA1F50FD60F99E6 /* EMOMView.swift in Sources */ = {isa = PBXBuildFile; fileRef = F47C298B620130555D668A82 /* EMOMView.swift */; };
		F8645B3C3F4FBE9380D03B8C /* WeightListView.swift in Sources */ = {isa = PBXBuildFile; fileRef = A4171D4E7BDB15323D60A07F /* WeightListView.swift */; };
/* End PBXBuildFile section */

/* Begin PBXContainerItemProxy section */
		308FB274C2E6EFB21B2CD270 /* PBXContainerItemProxy */ = {
			isa = PBXContainerItemProxy;
			containerPortal = 3ECC40AEEBC46E5A5F159A34 /* Project object */;
			proxyType = 1;
			remoteGlobalIDString = 8DF9CE7A9552069C4EAA1E4F;
			remoteInfo = Hylete;
		};
/* End PBXContainerItemProxy section */

/* Begin PBXFileReference section */
		04C180F902EE864DB3D50F6D /* ThemeMode.swift */ = {isa = PBXFileReference; lastKnownFileType = sourcecode.swift; path = ThemeMode.swift; sourceTree = "<group>"; };
		061DDBDD043561A5A3CC0E89 /* APIError.swift */ = {isa = PBXFileReference; lastKnownFileType = sourcecode.swift; path = APIError.swift; sourceTree = "<group>"; };
		0A16D238B015163DD84A8D36 /* GoalStore.swift */ = {isa = PBXFileReference; lastKnownFileType = sourcecode.swift; path = GoalStore.swift; sourceTree = "<group>"; };
		0C03FABE005B4CD25F1288D8 /* CalendarMath.swift */ = {isa = PBXFileReference; lastKnownFileType = sourcecode.swift; path = CalendarMath.swift; sourceTree = "<group>"; };
		0D4E0C020FDF8BB46750ED11 /* Inter_18pt-Medium.ttf */ = {isa = PBXFileReference; lastKnownFileType = file; path = "Inter_18pt-Medium.ttf"; sourceTree = "<group>"; };
		10C2559420F7A7CEBD9DB981 /* TimerWakeLock.swift */ = {isa = PBXFileReference; lastKnownFileType = sourcecode.swift; path = TimerWakeLock.swift; sourceTree = "<group>"; };
		17AC556455DA8CC230F248A9 /* Debug.xcconfig */ = {isa = PBXFileReference; lastKnownFileType = text.xcconfig; path = Debug.xcconfig; sourceTree = "<group>"; };
		221CF323D3ADC15695CB3A09 /* Inter_18pt-SemiBold.ttf */ = {isa = PBXFileReference; lastKnownFileType = file; path = "Inter_18pt-SemiBold.ttf"; sourceTree = "<group>"; };
		2666738DF4367E7253E0B769 /* WeightStore.swift */ = {isa = PBXFileReference; lastKnownFileType = sourcecode.swift; path = WeightStore.swift; sourceTree = "<group>"; };
		29C72F28FA82941B5B23217F /* WeightPhotoUploader.swift */ = {isa = PBXFileReference; lastKnownFileType = sourcecode.swift; path = WeightPhotoUploader.swift; sourceTree = "<group>"; };
		2F974BE99B5527B2C5A0C042 /* ButtonStyles.swift */ = {isa = PBXFileReference; lastKnownFileType = sourcecode.swift; path = ButtonStyles.swift; sourceTree = "<group>"; };
		304EF4FF3DAE01EA279FFC22 /* EditSetView.swift */ = {isa = PBXFileReference; lastKnownFileType = sourcecode.swift; path = EditSetView.swift; sourceTree = "<group>"; };
		324CC70DC347ADF29335A464 /* SetList.swift */ = {isa = PBXFileReference; lastKnownFileType = sourcecode.swift; path = SetList.swift; sourceTree = "<group>"; };
		32D98E895557E65B1DCA3344 /* Keychain.swift */ = {isa = PBXFileReference; lastKnownFileType = sourcecode.swift; path = Keychain.swift; sourceTree = "<group>"; };
		3868DE3D51B00D33B6355B79 /* ExerciseHistoryView.swift */ = {isa = PBXFileReference; lastKnownFileType = sourcecode.swift; path = ExerciseHistoryView.swift; sourceTree = "<group>"; };
		3C6B7DF46A78BD78F7410F52 /* DonutChart.swift */ = {isa = PBXFileReference; lastKnownFileType = sourcecode.swift; path = DonutChart.swift; sourceTree = "<group>"; };
		3D294F63B2EFAB2282EB9C12 /* AppEnvironment.swift */ = {isa = PBXFileReference; lastKnownFileType = sourcecode.swift; path = AppEnvironment.swift; sourceTree = "<group>"; };
		422635B9E5C794178F603A86 /* WeightUnitEditView.swift */ = {isa = PBXFileReference; lastKnownFileType = sourcecode.swift; path = WeightUnitEditView.swift; sourceTree = "<group>"; };
		4F74507A89BD13498EB19B49 /* WeightProgressCard.swift */ = {isa = PBXFileReference; lastKnownFileType = sourcecode.swift; path = WeightProgressCard.swift; sourceTree = "<group>"; };
		4FF8B091A8E1155264838C20 /* WeightChart.swift */ = {isa = PBXFileReference; lastKnownFileType = sourcecode.swift; path = WeightChart.swift; sourceTree = "<group>"; };
		51215BC9CCCFC8A80E0A56FB /* BetaFeatureFlag.swift */ = {isa = PBXFileReference; lastKnownFileType = sourcecode.swift; path = BetaFeatureFlag.swift; sourceTree = "<group>"; };
		575E706878CD3C450A02DB92 /* CalendarMathTests.swift */ = {isa = PBXFileReference; lastKnownFileType = sourcecode.swift; path = CalendarMathTests.swift; sourceTree = "<group>"; };
		59349A2083D95F1BF0C9D2D3 /* HyleteTests.xctest */ = {isa = PBXFileReference; includeInIndex = 0; lastKnownFileType = wrapper.cfbundle; path = HyleteTests.xctest; sourceTree = BUILT_PRODUCTS_DIR; };
		5C711EC47CBEE1C3FBEE483D /* GoalRow.swift */ = {isa = PBXFileReference; lastKnownFileType = sourcecode.swift; path = GoalRow.swift; sourceTree = "<group>"; };
		5E2DB6E91E481704E65FBA4D /* TimerMode.swift */ = {isa = PBXFileReference; lastKnownFileType = sourcecode.swift; path = TimerMode.swift; sourceTree = "<group>"; };
		5E6E5D83283DB0E34C766DEA /* AuthStore.swift */ = {isa = PBXFileReference; lastKnownFileType = sourcecode.swift; path = AuthStore.swift; sourceTree = "<group>"; };
		62C6E0EF8CA34285727DE4C6 /* Assets.xcassets */ = {isa = PBXFileReference; lastKnownFileType = folder.assetcatalog; path = Assets.xcassets; sourceTree = "<group>"; };
		62D8C3302A4494D93F2FEE53 /* NewSetView.swift */ = {isa = PBXFileReference; lastKnownFileType = sourcecode.swift; path = NewSetView.swift; sourceTree = "<group>"; };
		6B8F888FDF95018D51C17D55 /* Image.swift */ = {isa = PBXFileReference; lastKnownFileType = sourcecode.swift; path = Image.swift; sourceTree = "<group>"; };
		6C8B29BDEA475522370AAF0E /* DTOs.swift */ = {isa = PBXFileReference; lastKnownFileType = sourcecode.swift; path = DTOs.swift; sourceTree = "<group>"; };
		7A0341E9C169FB3D344C4F22 /* SelectedDaySetList.swift */ = {isa = PBXFileReference; lastKnownFileType = sourcecode.swift; path = SelectedDaySetList.swift; sourceTree = "<group>"; };
		7FE189B693326D9DB0210E14 /* StatCard.swift */ = {isa = PBXFileReference; lastKnownFileType = sourcecode.swift; path = StatCard.swift; sourceTree = "<group>"; };
		82D790A5724510DFAACFBF13 /* Icons.swift */ = {isa = PBXFileReference; lastKnownFileType = sourcecode.swift; path = Icons.swift; sourceTree = "<group>"; };
		83C3E0431654899F02D30714 /* GoalCompletionCelebration.swift */ = {isa = PBXFileReference; lastKnownFileType = sourcecode.swift; path = GoalCompletionCelebration.swift; sourceTree = "<group>"; };
		84621B2D28A7F4BB474B8A3B /* FeedbackView.swift */ = {isa = PBXFileReference; lastKnownFileType = sourcecode.swift; path = FeedbackView.swift; sourceTree = "<group>"; };
		86D0EF76F71D203D2B292D54 /* GoalEditorView.swift */ = {isa = PBXFileReference; lastKnownFileType = sourcecode.swift; path = GoalEditorView.swift; sourceTree = "<group>"; };
		8A1B829C034CD8F128F4F7FD /* NameEditView.swift */ = {isa = PBXFileReference; lastKnownFileType = sourcecode.swift; path = NameEditView.swift; sourceTree = "<group>"; };
		8B4028CB67B6C26EC6B9BB2D /* ForgotPasswordView.swift */ = {isa = PBXFileReference; lastKnownFileType = sourcecode.swift; path = ForgotPasswordView.swift; sourceTree = "<group>"; };
		90F8F8894F2AF191F5137905 /* Info.plist */ = {isa = PBXFileReference; lastKnownFileType = text.plist; path = Info.plist; sourceTree = "<group>"; };
		91E63C10452F836338D4319D /* Inter_18pt-Bold.ttf */ = {isa = PBXFileReference; lastKnownFileType = file; path = "Inter_18pt-Bold.ttf"; sourceTree = "<group>"; };
		94FDECDB7EC8962A9EFDFEE4 /* PopularExercises.swift */ = {isa = PBXFileReference; lastKnownFileType = sourcecode.swift; path = PopularExercises.swift; sourceTree = "<group>"; };
		9A21139951103C1938EB2569 /* CountdownTimerView.swift */ = {isa = PBXFileReference; lastKnownFileType = sourcecode.swift; path = CountdownTimerView.swift; sourceTree = "<group>"; };
		9C055552A6D4FE4A6D67266D /* RegisterView.swift */ = {isa = PBXFileReference; lastKnownFileType = sourcecode.swift; path = RegisterView.swift; sourceTree = "<group>"; };
		9E2DAF30CA42AEDE2788FECA /* TimerFeedback.swift */ = {isa = PBXFileReference; lastKnownFileType = sourcecode.swift; path = TimerFeedback.swift; sourceTree = "<group>"; };
		A0007539F838AE5E8AFEBF13 /* Typography.swift */ = {isa = PBXFileReference; lastKnownFileType = sourcecode.swift; path = Typography.swift; sourceTree = "<group>"; };
		A1B8C3E2A9A0AB5810BFF451 /* LoginView.swift */ = {isa = PBXFileReference; lastKnownFileType = sourcecode.swift; path = LoginView.swift; sourceTree = "<group>"; };
		A4171D4E7BDB15323D60A07F /* WeightListView.swift */ = {isa = PBXFileReference; lastKnownFileType = sourcecode.swift; path = WeightListView.swift; sourceTree = "<group>"; };
		AD6A14091FE5ABC272EB3995 /* TargetWeightEditView.swift */ = {isa = PBXFileReference; lastKnownFileType = sourcecode.swift; path = TargetWeightEditView.swift; sourceTree = "<group>"; };
		B11CABAB8BE2BFE1B215AF22 /* ActionCard.swift */ = {isa = PBXFileReference; lastKnownFileType = sourcecode.swift; path = ActionCard.swift; sourceTree = "<group>"; };
		B2F1EC4D2E3CD110C918BBBF /* BrandColors.swift */ = {isa = PBXFileReference; lastKnownFileType = sourcecode.swift; path = BrandColors.swift; sourceTree = "<group>"; };
		B7A41DEC5C42E5BD5D58CA45 /* WeekCalendarView.swift */ = {isa = PBXFileReference; lastKnownFileType = sourcecode.swift; path = WeekCalendarView.swift; sourceTree = "<group>"; };
		B82B52BAE7C2D0AB223EBF3A /* Hylete.app */ = {isa = PBXFileReference; includeInIndex = 0; lastKnownFileType = wrapper.application; path = Hylete.app; sourceTree = BUILT_PRODUCTS_DIR; };
		B960BFF7F588BB237F4B93CD /* WeightComparisonView.swift */ = {isa = PBXFileReference; lastKnownFileType = sourcecode.swift; path = WeightComparisonView.swift; sourceTree = "<group>"; };
		B9D23DC1E6C6A140D0B6EC20 /* ImageViewer.swift */ = {isa = PBXFileReference; lastKnownFileType = sourcecode.swift; path = ImageViewer.swift; sourceTree = "<group>"; };
		BCB591A97788FF962986EB02 /* ExerciseListView.swift */ = {isa = PBXFileReference; lastKnownFileType = sourcecode.swift; path = ExerciseListView.swift; sourceTree = "<group>"; };
		C365DC87132594CB25BA50E2 /* TextFieldStyles.swift */ = {isa = PBXFileReference; lastKnownFileType = sourcecode.swift; path = TextFieldStyles.swift; sourceTree = "<group>"; };
		CDE8F827F41017B9CF43EEC7 /* WeightEditorView.swift */ = {isa = PBXFileReference; lastKnownFileType = sourcecode.swift; path = WeightEditorView.swift; sourceTree = "<group>"; };
		CF6C1C2D8F865F60305BEF60 /* GoalsListView.swift */ = {isa = PBXFileReference; lastKnownFileType = sourcecode.swift; path = GoalsListView.swift; sourceTree = "<group>"; };
		D14D4C2D22C970BE6A342688 /* Spacing.swift */ = {isa = PBXFileReference; lastKnownFileType = sourcecode.swift; path = Spacing.swift; sourceTree = "<group>"; };
		D237D4ECF05AE8ACC99742F3 /* Release.xcconfig */ = {isa = PBXFileReference; lastKnownFileType = text.xcconfig; path = Release.xcconfig; sourceTree = "<group>"; };
		D273F93099C915AB9876D24D /* Inter_18pt-Regular.ttf */ = {isa = PBXFileReference; lastKnownFileType = file; path = "Inter_18pt-Regular.ttf"; sourceTree = "<group>"; };
		D3CAD7DC20F34634B3662537 /* HyleteApp.swift */ = {isa = PBXFileReference; lastKnownFileType = sourcecode.swift; path = HyleteApp.swift; sourceTree = "<group>"; };
		D67F31C7DC1F254F60FC5F16 /* Colors.swift */ = {isa = PBXFileReference; lastKnownFileType = sourcecode.swift; path = Colors.swift; sourceTree = "<group>"; };
		D96F42398AFEF9616F1FEE19 /* ProfileView.swift */ = {isa = PBXFileReference; lastKnownFileType = sourcecode.swift; path = ProfileView.swift; sourceTree = "<group>"; };
		DA142DE7D9666E8EB2ECAC19 /* WeightRow.swift */ = {isa = PBXFileReference; lastKnownFileType = sourcecode.swift; path = WeightRow.swift; sourceTree = "<group>"; };
		DE2C9DD75C577C23B69BB5E5 /* APIClient.swift */ = {isa = PBXFileReference; lastKnownFileType = sourcecode.swift; path = APIClient.swift; sourceTree = "<group>"; };
		F278869D4CDE719FAD73DEB5 /* DashboardView.swift */ = {isa = PBXFileReference; lastKnownFileType = sourcecode.swift; path = DashboardView.swift; sourceTree = "<group>"; };
		F47C298B620130555D668A82 /* EMOMView.swift */ = {isa = PBXFileReference; lastKnownFileType = sourcecode.swift; path = EMOMView.swift; sourceTree = "<group>"; };
		FBD059BBA93A4D71316C256A /* TimerView.swift */ = {isa = PBXFileReference; lastKnownFileType = sourcecode.swift; path = TimerView.swift; sourceTree = "<group>"; };
/* End PBXFileReference section */

/* Begin PBXGroup section */
		05775B7B479D2C28F66DA41C /* Profile */ = {
			isa = PBXGroup;
			children = (
				D96F42398AFEF9616F1FEE19 /* ProfileView.swift */,
				57BAC6A94EB21C8D41162791 /* Edit */,
			);
			path = Profile;
			sourceTree = "<group>";
		};
		0E7B669A0639274F782196CD = {
			isa = PBXGroup;
			children = (
				FC086FC9953C9355F8A2F3CE /* Hylete */,
				57057771002A6B917F3654C0 /* HyleteTests */,
				5200998AE88D661E7065EA9D /* Products */,
			);
			sourceTree = "<group>";
		};
		171D272B3A5CCFBD8E496448 /* Feedback */ = {
			isa = PBXGroup;
			children = (
				84621B2D28A7F4BB474B8A3B /* FeedbackView.swift */,
			);
			path = Feedback;
			sourceTree = "<group>";
		};
		1876017F863972CE6849C199 /* Goals */ = {
			isa = PBXGroup;
			children = (
				86D0EF76F71D203D2B292D54 /* GoalEditorView.swift */,
				5C711EC47CBEE1C3FBEE483D /* GoalRow.swift */,
				CF6C1C2D8F865F60305BEF60 /* GoalsListView.swift */,
				0A16D238B015163DD84A8D36 /* GoalStore.swift */,
			);
			path = Goals;
			sourceTree = "<group>";
		};
		376B39FF7DAEC0FF61D9F59D /* DesignSystem */ = {
			isa = PBXGroup;
			children = (
				B2F1EC4D2E3CD110C918BBBF /* BrandColors.swift */,
				2F974BE99B5527B2C5A0C042 /* ButtonStyles.swift */,
				0C03FABE005B4CD25F1288D8 /* CalendarMath.swift */,
				D67F31C7DC1F254F60FC5F16 /* Colors.swift */,
				83C3E0431654899F02D30714 /* GoalCompletionCelebration.swift */,
				82D790A5724510DFAACFBF13 /* Icons.swift */,
				6B8F888FDF95018D51C17D55 /* Image.swift */,
				B9D23DC1E6C6A140D0B6EC20 /* ImageViewer.swift */,
				D14D4C2D22C970BE6A342688 /* Spacing.swift */,
				7FE189B693326D9DB0210E14 /* StatCard.swift */,
				C365DC87132594CB25BA50E2 /* TextFieldStyles.swift */,
				A0007539F838AE5E8AFEBF13 /* Typography.swift */,
				B7A41DEC5C42E5BD5D58CA45 /* WeekCalendarView.swift */,
				DA926A6DCCEFD6BAD3B71280 /* BetaFeatures */,
				EEFE0736979FD9245BF96E86 /* Fonts */,
				D9C1F71EEADBDE5BE6046C6C /* Theme */,
			);
			path = DesignSystem;
			sourceTree = "<group>";
		};
		51ECBB712BA1ED2BB6CC60A6 /* Timer */ = {
			isa = PBXGroup;
			children = (
				9A21139951103C1938EB2569 /* CountdownTimerView.swift */,
				F47C298B620130555D668A82 /* EMOMView.swift */,
				9E2DAF30CA42AEDE2788FECA /* TimerFeedback.swift */,
				5E2DB6E91E481704E65FBA4D /* TimerMode.swift */,
				FBD059BBA93A4D71316C256A /* TimerView.swift */,
				10C2559420F7A7CEBD9DB981 /* TimerWakeLock.swift */,
			);
			path = Timer;
			sourceTree = "<group>";
		};
		5200998AE88D661E7065EA9D /* Products */ = {
			isa = PBXGroup;
			children = (
				B82B52BAE7C2D0AB223EBF3A /* Hylete.app */,
				59349A2083D95F1BF0C9D2D3 /* HyleteTests.xctest */,
			);
			name = Products;
			sourceTree = "<group>";
		};
		57057771002A6B917F3654C0 /* HyleteTests */ = {
			isa = PBXGroup;
			children = (
				575E706878CD3C450A02DB92 /* CalendarMathTests.swift */,
			);
			path = HyleteTests;
			sourceTree = "<group>";
		};
		57BAC6A94EB21C8D41162791 /* Edit */ = {
			isa = PBXGroup;
			children = (
				8A1B829C034CD8F128F4F7FD /* NameEditView.swift */,
				AD6A14091FE5ABC272EB3995 /* TargetWeightEditView.swift */,
				422635B9E5C794178F603A86 /* WeightUnitEditView.swift */,
			);
			path = Edit;
			sourceTree = "<group>";
		};
		5DD2FD8EB5E8E29BE3BD57D2 /* Weight */ = {
			isa = PBXGroup;
			children = (
				4FF8B091A8E1155264838C20 /* WeightChart.swift */,
				B960BFF7F588BB237F4B93CD /* WeightComparisonView.swift */,
				CDE8F827F41017B9CF43EEC7 /* WeightEditorView.swift */,
				A4171D4E7BDB15323D60A07F /* WeightListView.swift */,
				29C72F28FA82941B5B23217F /* WeightPhotoUploader.swift */,
				4F74507A89BD13498EB19B49 /* WeightProgressCard.swift */,
				DA142DE7D9666E8EB2ECAC19 /* WeightRow.swift */,
				2666738DF4367E7253E0B769 /* WeightStore.swift */,
			);
			path = Weight;
			sourceTree = "<group>";
		};
		71141471A3A822897F4E1F1B /* NewSet */ = {
			isa = PBXGroup;
			children = (
				62D8C3302A4494D93F2FEE53 /* NewSetView.swift */,
			);
			path = NewSet;
			sourceTree = "<group>";
		};
		739A745B3FDBE454437864B5 /* Inter */ = {
			isa = PBXGroup;
			children = (
				E58BC3557EDC1A7EF986101F /* static */,
			);
			path = Inter;
			sourceTree = "<group>";
		};
		792CFF08776B5E373B58189E /* Dashboard */ = {
			isa = PBXGroup;
			children = (
				B11CABAB8BE2BFE1B215AF22 /* ActionCard.swift */,
				F278869D4CDE719FAD73DEB5 /* DashboardView.swift */,
				3C6B7DF46A78BD78F7410F52 /* DonutChart.swift */,
				94FDECDB7EC8962A9EFDFEE4 /* PopularExercises.swift */,
				7A0341E9C169FB3D344C4F22 /* SelectedDaySetList.swift */,
				324CC70DC347ADF29335A464 /* SetList.swift */,
			);
			path = Dashboard;
			sourceTree = "<group>";
		};
		CAF99F6DD1CE83327F078D9E /* Configs */ = {
			isa = PBXGroup;
			children = (
				17AC556455DA8CC230F248A9 /* Debug.xcconfig */,
				D237D4ECF05AE8ACC99742F3 /* Release.xcconfig */,
			);
			path = Configs;
			sourceTree = "<group>";
		};
		CFAE148A954487FC3DDC3FED /* Networking */ = {
			isa = PBXGroup;
			children = (
				DE2C9DD75C577C23B69BB5E5 /* APIClient.swift */,
				061DDBDD043561A5A3CC0E89 /* APIError.swift */,
				5E6E5D83283DB0E34C766DEA /* AuthStore.swift */,
				6C8B29BDEA475522370AAF0E /* DTOs.swift */,
				32D98E895557E65B1DCA3344 /* Keychain.swift */,
			);
			path = Networking;
			sourceTree = "<group>";
		};
		CFFDA7FD6DBC049901C5A75F /* App */ = {
			isa = PBXGroup;
			children = (
				3D294F63B2EFAB2282EB9C12 /* AppEnvironment.swift */,
				D3CAD7DC20F34634B3662537 /* HyleteApp.swift */,
			);
			path = App;
			sourceTree = "<group>";
		};
		D9C1F71EEADBDE5BE6046C6C /* Theme */ = {
			isa = PBXGroup;
			children = (
				04C180F902EE864DB3D50F6D /* ThemeMode.swift */,
			);
			path = Theme;
			sourceTree = "<group>";
		};
		DA926A6DCCEFD6BAD3B71280 /* BetaFeatures */ = {
			isa = PBXGroup;
			children = (
				51215BC9CCCFC8A80E0A56FB /* BetaFeatureFlag.swift */,
			);
			path = BetaFeatures;
			sourceTree = "<group>";
		};
		E58BC3557EDC1A7EF986101F /* static */ = {
			isa = PBXGroup;
			children = (
				91E63C10452F836338D4319D /* Inter_18pt-Bold.ttf */,
				0D4E0C020FDF8BB46750ED11 /* Inter_18pt-Medium.ttf */,
				D273F93099C915AB9876D24D /* Inter_18pt-Regular.ttf */,
				221CF323D3ADC15695CB3A09 /* Inter_18pt-SemiBold.ttf */,
			);
			path = static;
			sourceTree = "<group>";
		};
		EAAC95BBBC8DE572DC609AB2 /* Exercises */ = {
			isa = PBXGroup;
			children = (
				304EF4FF3DAE01EA279FFC22 /* EditSetView.swift */,
				3868DE3D51B00D33B6355B79 /* ExerciseHistoryView.swift */,
				BCB591A97788FF962986EB02 /* ExerciseListView.swift */,
			);
			path = Exercises;
			sourceTree = "<group>";
		};
		EEFE0736979FD9245BF96E86 /* Fonts */ = {
			isa = PBXGroup;
			children = (
				739A745B3FDBE454437864B5 /* Inter */,
			);
			path = Fonts;
			sourceTree = "<group>";
		};
		F75C1726D433E877A3450B26 /* Auth */ = {
			isa = PBXGroup;
			children = (
				8B4028CB67B6C26EC6B9BB2D /* ForgotPasswordView.swift */,
				A1B8C3E2A9A0AB5810BFF451 /* LoginView.swift */,
				9C055552A6D4FE4A6D67266D /* RegisterView.swift */,
			);
			path = Auth;
			sourceTree = "<group>";
		};
		FC086FC9953C9355F8A2F3CE /* Hylete */ = {
			isa = PBXGroup;
			children = (
				62C6E0EF8CA34285727DE4C6 /* Assets.xcassets */,
				90F8F8894F2AF191F5137905 /* Info.plist */,
				CFFDA7FD6DBC049901C5A75F /* App */,
				F75C1726D433E877A3450B26 /* Auth */,
				CAF99F6DD1CE83327F078D9E /* Configs */,
				792CFF08776B5E373B58189E /* Dashboard */,
				376B39FF7DAEC0FF61D9F59D /* DesignSystem */,
				EAAC95BBBC8DE572DC609AB2 /* Exercises */,
				171D272B3A5CCFBD8E496448 /* Feedback */,
				1876017F863972CE6849C199 /* Goals */,
				CFAE148A954487FC3DDC3FED /* Networking */,
				71141471A3A822897F4E1F1B /* NewSet */,
				05775B7B479D2C28F66DA41C /* Profile */,
				51ECBB712BA1ED2BB6CC60A6 /* Timer */,
				5DD2FD8EB5E8E29BE3BD57D2 /* Weight */,
			);
			path = Hylete;
			sourceTree = "<group>";
		};
/* End PBXGroup section */

/* Begin PBXNativeTarget section */
		8DF9CE7A9552069C4EAA1E4F /* Hylete */ = {
			isa = PBXNativeTarget;
			buildConfigurationList = F6E604EFB7146A523E14D399 /* Build configuration list for PBXNativeTarget "Hylete" */;
			buildPhases = (
				8AD72F5001FB999437B6B51C /* Sources */,
				5F4D9119ABDE63597D74BE4A /* Resources */,
			);
			buildRules = (
			);
			dependencies = (
			);
			name = Hylete;
			packageProductDependencies = (
			);
			productName = Hylete;
			productReference = B82B52BAE7C2D0AB223EBF3A /* Hylete.app */;
			productType = "com.apple.product-type.application";
		};
		D08C24CE0197201B1A72CC95 /* HyleteTests */ = {
			isa = PBXNativeTarget;
			buildConfigurationList = 0D691B604059A57F929C101F /* Build configuration list for PBXNativeTarget "HyleteTests" */;
			buildPhases = (
				6226FE63418E0231D66F1197 /* Sources */,
			);
			buildRules = (
			);
			dependencies = (
				D032D7C9EB928B00DD3C3C79 /* PBXTargetDependency */,
			);
			name = HyleteTests;
			packageProductDependencies = (
			);
			productName = HyleteTests;
			productReference = 59349A2083D95F1BF0C9D2D3 /* HyleteTests.xctest */;
			productType = "com.apple.product-type.bundle.unit-test";
		};
/* End PBXNativeTarget section */

/* Begin PBXProject section */
		3ECC40AEEBC46E5A5F159A34 /* Project object */ = {
			isa = PBXProject;
			attributes = {
				BuildIndependentTargetsInParallel = YES;
				LastUpgradeCheck = 1430;
				TargetAttributes = {
				};
			};
			buildConfigurationList = 6F23098230E11564D35DDC6F /* Build configuration list for PBXProject "Hylete" */;
			developmentRegion = en;
			hasScannedForEncodings = 0;
			knownRegions = (
				Base,
				en,
			);
			mainGroup = 0E7B669A0639274F782196CD;
			minimizedProjectReferenceProxies = 1;
			preferredProjectObjectVersion = 77;
			productRefGroup = 5200998AE88D661E7065EA9D /* Products */;
			projectDirPath = "";
			projectRoot = "";
			targets = (
				8DF9CE7A9552069C4EAA1E4F /* Hylete */,
				D08C24CE0197201B1A72CC95 /* HyleteTests */,
			);
		};
/* End PBXProject section */

/* Begin PBXResourcesBuildPhase section */
		5F4D9119ABDE63597D74BE4A /* Resources */ = {
			isa = PBXResourcesBuildPhase;
			buildActionMask = 2147483647;
			files = (
				55B7C237D7BA558AB9C892BB /* Assets.xcassets in Resources */,
				5AE04166DBF0519644D3ED1A /* Inter_18pt-Bold.ttf in Resources */,
				AD6F4B91B1135F37A25AE596 /* Inter_18pt-Medium.ttf in Resources */,
				74808A723F947D8E768A5AC4 /* Inter_18pt-Regular.ttf in Resources */,
				8B4DA41FFF52027F3C33D88E /* Inter_18pt-SemiBold.ttf in Resources */,
			);
			runOnlyForDeploymentPostprocessing = 0;
		};
/* End PBXResourcesBuildPhase section */

/* Begin PBXSourcesBuildPhase section */
		6226FE63418E0231D66F1197 /* Sources */ = {
			isa = PBXSourcesBuildPhase;
			buildActionMask = 2147483647;
			files = (
				E57C00D503258D37091625FB /* CalendarMathTests.swift in Sources */,
			);
			runOnlyForDeploymentPostprocessing = 0;
		};
		8AD72F5001FB999437B6B51C /* Sources */ = {
			isa = PBXSourcesBuildPhase;
			buildActionMask = 2147483647;
			files = (
				9441DF44FD26CECEEEFFBBD9 /* APIClient.swift in Sources */,
				CC3B103A21DF043DD6F83037 /* APIError.swift in Sources */,
				83A55B29ACE59ED0E33E3619 /* ActionCard.swift in Sources */,
				3DA7E65D1FA693A6795A0CE6 /* AppEnvironment.swift in Sources */,
				738FE9D43B4E0958B2637A2D /* AuthStore.swift in Sources */,
				5026FF1B244693943ADBF31B /* BetaFeatureFlag.swift in Sources */,
				1C49C40F1668AA8550423FBB /* BrandColors.swift in Sources */,
				E33D8EF4CE689937094C6B8A /* ButtonStyles.swift in Sources */,
				6410D793B7FF33111534523F /* CalendarMath.swift in Sources */,
				36B2268DBDC5D34EF64A7A5F /* Colors.swift in Sources */,
				68E11844795A43D485B7C34F /* CountdownTimerView.swift in Sources */,
				0307710BF237733F1ECFFE05 /* DTOs.swift in Sources */,
				D58AFD243E39D5EBD89ABD51 /* DashboardView.swift in Sources */,
				7B7F289AB0A5E320A13A264D /* DonutChart.swift in Sources */,
				F1BE81929FA1F50FD60F99E6 /* EMOMView.swift in Sources */,
				8C731AECD8CD4DB1F1FD0DB7 /* EditSetView.swift in Sources */,
				B9D4A5F9E1EDC5148FBA6AF4 /* ExerciseHistoryView.swift in Sources */,
				B9F71293825B8E55A59BDC01 /* ExerciseListView.swift in Sources */,
				0D45B3F527E99200C4A761ED /* FeedbackView.swift in Sources */,
				E309B259CB9A4488B8A6AE75 /* ForgotPasswordView.swift in Sources */,
				0FB9A098D935995FFF83076D /* GoalCompletionCelebration.swift in Sources */,
				7CB5F0BC9F4878DE369F4B81 /* GoalEditorView.swift in Sources */,
				32406A63068FDFD88C111A76 /* GoalRow.swift in Sources */,
				96F26DA4B6E53B7D149AE3FF /* GoalStore.swift in Sources */,
				D207F464B1F65E78787BE6EE /* GoalsListView.swift in Sources */,
				3C354C21E0CC0562E2045654 /* HyleteApp.swift in Sources */,
				803FC0E51012A537B13ABD62 /* Icons.swift in Sources */,
				67ED1A8E2F62A5E8A4583083 /* Image.swift in Sources */,
				2CF7DEC04A491BCE2166A76C /* ImageViewer.swift in Sources */,
				25EB8CA309685D70F8BF7C17 /* Keychain.swift in Sources */,
				AB04481FD84681AF2A1C24C9 /* LoginView.swift in Sources */,
				55118F3DD529CA52F82C1C57 /* NameEditView.swift in Sources */,
				237B1864A72988384640F8BD /* NewSetView.swift in Sources */,
				50D7B8DA8609FCAC47C99E9C /* PopularExercises.swift in Sources */,
				51E78B38C737FE2F2E3D0377 /* ProfileView.swift in Sources */,
				00C356789407C6A938793C2A /* RegisterView.swift in Sources */,
				A1C10AAA9A4B2BDF2BBA3C18 /* SelectedDaySetList.swift in Sources */,
				20492AD3EA2B53BC8305E9B8 /* SetList.swift in Sources */,
				65DA794EADB76E240BB75EB3 /* Spacing.swift in Sources */,
				C2A048AD740DFA5C1C8A8917 /* StatCard.swift in Sources */,
				C66FD82F05916643BD72FE0D /* TargetWeightEditView.swift in Sources */,
				4A01AC34097A7C19C3F83902 /* TextFieldStyles.swift in Sources */,
				32A8F88A835C3747C90F804D /* ThemeMode.swift in Sources */,
				785FC5BDFFEA8D1214F2B873 /* TimerFeedback.swift in Sources */,
				0F7B5FADE25FBAF7E5D9FA2C /* TimerMode.swift in Sources */,
				2E701C17550ECBB4092E7D8B /* TimerView.swift in Sources */,
				2802C16940B795CE51A6B94E /* TimerWakeLock.swift in Sources */,
				5886CCECC8E7114E90A88D3C /* Typography.swift in Sources */,
				AA77857A9E5A1D689507CD84 /* WeekCalendarView.swift in Sources */,
				109D1514FB115C6259B69F20 /* WeightChart.swift in Sources */,
				B4FC23FD1C29E24B69FEE0F3 /* WeightComparisonView.swift in Sources */,
				48FAC58CC104E377AFB4592B /* WeightEditorView.swift in Sources */,
				F8645B3C3F4FBE9380D03B8C /* WeightListView.swift in Sources */,
				E639AAEFDCBE97E5F1F1D197 /* WeightPhotoUploader.swift in Sources */,
				CEB077CE8ADDBD7C97598220 /* WeightProgressCard.swift in Sources */,
				E17CDAB8BF4A4E93CE0573D0 /* WeightRow.swift in Sources */,
				24C8481F19C683AF695C7A99 /* WeightStore.swift in Sources */,
				31167B8452E0B92FC046A029 /* WeightUnitEditView.swift in Sources */,
			);
			runOnlyForDeploymentPostprocessing = 0;
		};
/* End PBXSourcesBuildPhase section */

/* Begin PBXTargetDependency section */
		D032D7C9EB928B00DD3C3C79 /* PBXTargetDependency */ = {
			isa = PBXTargetDependency;
			target = 8DF9CE7A9552069C4EAA1E4F /* Hylete */;
			targetProxy = 308FB274C2E6EFB21B2CD270 /* PBXContainerItemProxy */;
		};
/* End PBXTargetDependency section */

/* Begin XCBuildConfiguration section */
		47D86885501760F6D7D4AF4A /* Debug */ = {
			isa = XCBuildConfiguration;
			buildSettings = {
				ALWAYS_SEARCH_USER_PATHS = NO;
				CLANG_ANALYZER_NONNULL = YES;
				CLANG_ANALYZER_NUMBER_OBJECT_CONVERSION = YES_AGGRESSIVE;
				CLANG_CXX_LANGUAGE_STANDARD = "gnu++14";
				CLANG_CXX_LIBRARY = "libc++";
				CLANG_ENABLE_MODULES = YES;
				CLANG_ENABLE_OBJC_ARC = YES;
				CLANG_ENABLE_OBJC_WEAK = YES;
				CLANG_WARN_BLOCK_CAPTURE_AUTORELEASING = YES;
				CLANG_WARN_BOOL_CONVERSION = YES;
				CLANG_WARN_COMMA = YES;
				CLANG_WARN_CONSTANT_CONVERSION = YES;
				CLANG_WARN_DEPRECATED_OBJC_IMPLEMENTATIONS = YES;
				CLANG_WARN_DIRECT_OBJC_ISA_USAGE = YES_ERROR;
				CLANG_WARN_DOCUMENTATION_COMMENTS = YES;
				CLANG_WARN_EMPTY_BODY = YES;
				CLANG_WARN_ENUM_CONVERSION = YES;
				CLANG_WARN_INFINITE_RECURSION = YES;
				CLANG_WARN_INT_CONVERSION = YES;
				CLANG_WARN_NON_LITERAL_NULL_CONVERSION = YES;
				CLANG_WARN_OBJC_IMPLICIT_RETAIN_SELF = YES;
				CLANG_WARN_OBJC_LITERAL_CONVERSION = YES;
				CLANG_WARN_OBJC_ROOT_CLASS = YES_ERROR;
				CLANG_WARN_QUOTED_INCLUDE_IN_FRAMEWORK_HEADER = YES;
				CLANG_WARN_RANGE_LOOP_ANALYSIS = YES;
				CLANG_WARN_STRICT_PROTOTYPES = YES;
				CLANG_WARN_SUSPICIOUS_MOVE = YES;
				CLANG_WARN_UNGUARDED_AVAILABILITY = YES_AGGRESSIVE;
				CLANG_WARN_UNREACHABLE_CODE = YES;
				CLANG_WARN__DUPLICATE_METHOD_MATCH = YES;
				COPY_PHASE_STRIP = NO;
				CURRENT_PROJECT_VERSION = 1;
				DEBUG_INFORMATION_FORMAT = dwarf;
				ENABLE_STRICT_OBJC_MSGSEND = YES;
				ENABLE_TESTABILITY = YES;
				ENABLE_USER_SCRIPT_SANDBOXING = YES;
				GCC_C_LANGUAGE_STANDARD = gnu11;
				GCC_DYNAMIC_NO_PIC = NO;
				GCC_NO_COMMON_BLOCKS = YES;
				GCC_OPTIMIZATION_LEVEL = 0;
				GCC_PREPROCESSOR_DEFINITIONS = (
					"$(inherited)",
					"DEBUG=1",
				);
				GCC_WARN_64_TO_32_BIT_CONVERSION = YES;
				GCC_WARN_ABOUT_RETURN_TYPE = YES_ERROR;
				GCC_WARN_UNDECLARED_SELECTOR = YES;
				GCC_WARN_UNINITIALIZED_AUTOS = YES_AGGRESSIVE;
				GCC_WARN_UNUSED_FUNCTION = YES;
				GCC_WARN_UNUSED_VARIABLE = YES;
				IPHONEOS_DEPLOYMENT_TARGET = 17.0;
				MARKETING_VERSION = 0.1.0;
				MTL_ENABLE_DEBUG_INFO = INCLUDE_SOURCE;
				MTL_FAST_MATH = YES;
				ONLY_ACTIVE_ARCH = YES;
				PRODUCT_NAME = "$(TARGET_NAME)";
				SDKROOT = iphoneos;
				SWIFT_ACTIVE_COMPILATION_CONDITIONS = DEBUG;
				SWIFT_OPTIMIZATION_LEVEL = "-Onone";
				SWIFT_STRICT_CONCURRENCY = minimal;
				SWIFT_VERSION = 5.10;
			};
			name = Debug;
		};
		4818F0738DDD99AD107E6D84 /* Release */ = {
			isa = XCBuildConfiguration;
			baseConfigurationReference = D237D4ECF05AE8ACC99742F3 /* Release.xcconfig */;
			buildSettings = {
				ASSETCATALOG_COMPILER_APPICON_NAME = AppIcon;
				ASSETCATALOG_COMPILER_GLOBAL_ACCENT_COLOR_NAME = AccentColor;
				CODE_SIGN_IDENTITY = "iPhone Developer";
				GENERATE_INFOPLIST_FILE = NO;
				INFOPLIST_FILE = Hylete/Info.plist;
				LD_RUNPATH_SEARCH_PATHS = (
					"$(inherited)",
					"@executable_path/Frameworks",
				);
				SDKROOT = iphoneos;
				TARGETED_DEVICE_FAMILY = "1,2";
			};
			name = Release;
		};
		9A8449C90BDD6539F3C23412 /* Release */ = {
			isa = XCBuildConfiguration;
			buildSettings = {
				BUNDLE_LOADER = "$(TEST_HOST)";
				GENERATE_INFOPLIST_FILE = YES;
				LD_RUNPATH_SEARCH_PATHS = (
					"$(inherited)",
					"@executable_path/Frameworks",
					"@loader_path/Frameworks",
				);
				PRODUCT_BUNDLE_IDENTIFIER = com.ytsruh.HyleteTests;
				SDKROOT = iphoneos;
				TARGETED_DEVICE_FAMILY = "1,2";
				TEST_HOST = "$(BUILT_PRODUCTS_DIR)/Hylete.app/Hylete";
			};
			name = Release;
		};
		9FAC5CE0D8152ECDC1E6D527 /* Debug */ = {
			isa = XCBuildConfiguration;
			baseConfigurationReference = 17AC556455DA8CC230F248A9 /* Debug.xcconfig */;
			buildSettings = {
				ASSETCATALOG_COMPILER_APPICON_NAME = AppIcon;
				ASSETCATALOG_COMPILER_GLOBAL_ACCENT_COLOR_NAME = AccentColor;
				CODE_SIGN_IDENTITY = "iPhone Developer";
				GENERATE_INFOPLIST_FILE = NO;
				INFOPLIST_FILE = Hylete/Info.plist;
				LD_RUNPATH_SEARCH_PATHS = (
					"$(inherited)",
					"@executable_path/Frameworks",
				);
				SDKROOT = iphoneos;
				TARGETED_DEVICE_FAMILY = "1,2";
			};
			name = Debug;
		};
		A6F335CF053D8D2C8836EACC /* Release */ = {
			isa = XCBuildConfiguration;
			buildSettings = {
				ALWAYS_SEARCH_USER_PATHS = NO;
				CLANG_ANALYZER_NONNULL = YES;
				CLANG_ANALYZER_NUMBER_OBJECT_CONVERSION = YES_AGGRESSIVE;
				CLANG_CXX_LANGUAGE_STANDARD = "gnu++14";
				CLANG_CXX_LIBRARY = "libc++";
				CLANG_ENABLE_MODULES = YES;
				CLANG_ENABLE_OBJC_ARC = YES;
				CLANG_ENABLE_OBJC_WEAK = YES;
				CLANG_WARN_BLOCK_CAPTURE_AUTORELEASING = YES;
				CLANG_WARN_BOOL_CONVERSION = YES;
				CLANG_WARN_COMMA = YES;
				CLANG_WARN_CONSTANT_CONVERSION = YES;
				CLANG_WARN_DEPRECATED_OBJC_IMPLEMENTATIONS = YES;
				CLANG_WARN_DIRECT_OBJC_ISA_USAGE = YES_ERROR;
				CLANG_WARN_DOCUMENTATION_COMMENTS = YES;
				CLANG_WARN_EMPTY_BODY = YES;
				CLANG_WARN_ENUM_CONVERSION = YES;
				CLANG_WARN_INFINITE_RECURSION = YES;
				CLANG_WARN_INT_CONVERSION = YES;
				CLANG_WARN_NON_LITERAL_NULL_CONVERSION = YES;
				CLANG_WARN_OBJC_IMPLICIT_RETAIN_SELF = YES;
				CLANG_WARN_OBJC_LITERAL_CONVERSION = YES;
				CLANG_WARN_OBJC_ROOT_CLASS = YES_ERROR;
				CLANG_WARN_QUOTED_INCLUDE_IN_FRAMEWORK_HEADER = YES;
				CLANG_WARN_RANGE_LOOP_ANALYSIS = YES;
				CLANG_WARN_STRICT_PROTOTYPES = YES;
				CLANG_WARN_SUSPICIOUS_MOVE = YES;
				CLANG_WARN_UNGUARDED_AVAILABILITY = YES_AGGRESSIVE;
				CLANG_WARN_UNREACHABLE_CODE = YES;
				CLANG_WARN__DUPLICATE_METHOD_MATCH = YES;
				COPY_PHASE_STRIP = NO;
				CURRENT_PROJECT_VERSION = 1;
				DEBUG_INFORMATION_FORMAT = "dwarf-with-dsym";
				ENABLE_NS_ASSERTIONS = NO;
				ENABLE_STRICT_OBJC_MSGSEND = YES;
				ENABLE_USER_SCRIPT_SANDBOXING = YES;
				GCC_C_LANGUAGE_STANDARD = gnu11;
				GCC_NO_COMMON_BLOCKS = YES;
				GCC_WARN_64_TO_32_BIT_CONVERSION = YES;
				GCC_WARN_ABOUT_RETURN_TYPE = YES_ERROR;
				GCC_WARN_UNDECLARED_SELECTOR = YES;
				GCC_WARN_UNINITIALIZED_AUTOS = YES_AGGRESSIVE;
				GCC_WARN_UNUSED_FUNCTION = YES;
				GCC_WARN_UNUSED_VARIABLE = YES;
				IPHONEOS_DEPLOYMENT_TARGET = 17.0;
				MARKETING_VERSION = 0.1.0;
				MTL_ENABLE_DEBUG_INFO = NO;
				MTL_FAST_MATH = YES;
				PRODUCT_NAME = "$(TARGET_NAME)";
				SDKROOT = iphoneos;
				SWIFT_COMPILATION_MODE = wholemodule;
				SWIFT_OPTIMIZATION_LEVEL = "-O";
				SWIFT_STRICT_CONCURRENCY = minimal;
				SWIFT_VERSION = 5.10;
			};
			name = Release;
		};
		D67211765880740E20D90C8D /* Debug */ = {
			isa = XCBuildConfiguration;
			buildSettings = {
				BUNDLE_LOADER = "$(TEST_HOST)";
				GENERATE_INFOPLIST_FILE = YES;
				LD_RUNPATH_SEARCH_PATHS = (
					"$(inherited)",
					"@executable_path/Frameworks",
					"@loader_path/Frameworks",
				);
				PRODUCT_BUNDLE_IDENTIFIER = com.ytsruh.HyleteTests;
				SDKROOT = iphoneos;
				TARGETED_DEVICE_FAMILY = "1,2";
				TEST_HOST = "$(BUILT_PRODUCTS_DIR)/Hylete.app/Hylete";
			};
			name = Debug;
		};
/* End XCBuildConfiguration section */

/* Begin XCConfigurationList section */
		0D691B604059A57F929C101F /* Build configuration list for PBXNativeTarget "HyleteTests" */ = {
			isa = XCConfigurationList;
			buildConfigurations = (
				D67211765880740E20D90C8D /* Debug */,
				9A8449C90BDD6539F3C23412 /* Release */,
			);
			defaultConfigurationIsVisible = 0;
			defaultConfigurationName = Debug;
		};
		6F23098230E11564D35DDC6F /* Build configuration list for PBXProject "Hylete" */ = {
			isa = XCConfigurationList;
			buildConfigurations = (
				47D86885501760F6D7D4AF4A /* Debug */,
				A6F335CF053D8D2C8836EACC /* Release */,
			);
			defaultConfigurationIsVisible = 0;
			defaultConfigurationName = Debug;
		};
		F6E604EFB7146A523E14D399 /* Build configuration list for PBXNativeTarget "Hylete" */ = {
			isa = XCConfigurationList;
			buildConfigurations = (
				9FAC5CE0D8152ECDC1E6D527 /* Debug */,
				4818F0738DDD99AD107E6D84 /* Release */,
			);
			defaultConfigurationIsVisible = 0;
			defaultConfigurationName = Debug;
		};
/* End XCConfigurationList section */
	};
	rootObject = 3ECC40AEEBC46E5A5F159A34 /* Project object */;
}
